{
  "name": "trainloop-studio-runner",
  "version": "0.8.0",
  "lockfileVersion": 3,
  "requires": true,
  "packages": {
    "": {
      "name": "trainloop-studio-runner",
      "version": "0.8.0",
      "bin": {
        "trainloop-studio": "bin/run.js"
      },
      "engines": {
        "node": ">=18"
      }
    }
  }
}
